
Microsoft Visual Studio Solution File, Format Version 12.00
# Visual Studio Version 17
VisualStudioVersion = 17.10.34928.147
MinimumVisualStudioVersion = 10.0.40219.1
Project("{FAE04EC0-301F-11D3-BF4B-00C04F79EFBC}") = "Day0362024", "Day0362024\Day0362024.csproj", "{8C777065-C60D-4B46-B4FE-F8E5C7305DBD}"
EndProject
Global
	GlobalSection(SolutionConfigurationPlatforms) = preSolution
		Debug|Any CPU = Debug|Any CPU
		Release|Any CPU = Release|Any CPU
	EndGlobalSection
	GlobalSection(ProjectConfigurationPlatforms) = postSolution
		{8C777065-C60D-4B46-B4FE-F8E5C7305DBD}.Debug|Any CPU.ActiveCfg = Debug|Any CPU
		{8C777065-C60D-4B46-B4FE-F8E5C7305DBD}.Debug|Any CPU.Build.0 = Debug|Any CPU
		{8C777065-C60D-4B46-B4FE-F8E5C7305DBD}.Release|Any CPU.ActiveCfg = Release|Any CPU
		{8C777065-C60D-4B46-B4FE-F8E5C7305DBD}.Release|Any CPU.Build.0 = Release|Any CPU
	EndGlobalSection
	GlobalSection(SolutionProperties) = preSolution
		HideSolutionNode = FALSE
	EndGlobalSection
	GlobalSection(ExtensibilityGlobals) = postSolution
		SolutionGuid = {D41ED341-FE25-4C24-AE45-7F728E0FFFF8}
	EndGlobalSection
EndGlobal
