
Microsoft Visual Studio Solution File, Format Version 12.00
# Visual Studio Version 17
VisualStudioVersion = 17.10.34928.147
MinimumVisualStudioVersion = 10.0.40219.1
Project("{FAE04EC0-301F-11D3-BF4B-00C04F79EFBC}") = "WebApplication2324", "WebApplication2324\WebApplication2324.csproj", "{20390C2C-721C-41F5-BD2A-D488C6874A9A}"
EndProject
Global
	GlobalSection(SolutionConfigurationPlatforms) = preSolution
		Debug|Any CPU = Debug|Any CPU
		Release|Any CPU = Release|Any CPU
	EndGlobalSection
	GlobalSection(ProjectConfigurationPlatforms) = postSolution
		{20390C2C-721C-41F5-BD2A-D488C6874A9A}.Debug|Any CPU.ActiveCfg = Debug|Any CPU
		{20390C2C-721C-41F5-BD2A-D488C6874A9A}.Debug|Any CPU.Build.0 = Debug|Any CPU
		{20390C2C-721C-41F5-BD2A-D488C6874A9A}.Release|Any CPU.ActiveCfg = Release|Any CPU
		{20390C2C-721C-41F5-BD2A-D488C6874A9A}.Release|Any CPU.Build.0 = Release|Any CPU
	EndGlobalSection
	GlobalSection(SolutionProperties) = preSolution
		HideSolutionNode = FALSE
	EndGlobalSection
	GlobalSection(ExtensibilityGlobals) = postSolution
		SolutionGuid = {D801C3B4-898B-414E-B33F-F9A3CC9728FD}
	EndGlobalSection
EndGlobal
