
Microsoft Visual Studio Solution File, Format Version 12.00
# Visual Studio Version 17
VisualStudioVersion = 17.10.34928.147
MinimumVisualStudioVersion = 10.0.40219.1
Project("{FAE04EC0-301F-11D3-BF4B-00C04F79EFBC}") = "EF", "EF\EF.csproj", "{28E2F0A5-250A-4B54-9D4F-AF9D6DA2C120}"
EndProject
Project("{FAE04EC0-301F-11D3-BF4B-00C04F79EFBC}") = "Myappli.Db", "Myappli.Db\Myappli.Db.csproj", "{00EE101C-A5F7-4249-893F-C05AD59E1EA5}"
EndProject
Global
	GlobalSection(SolutionConfigurationPlatforms) = preSolution
		Debug|Any CPU = Debug|Any CPU
		Release|Any CPU = Release|Any CPU
	EndGlobalSection
	GlobalSection(ProjectConfigurationPlatforms) = postSolution
		{28E2F0A5-250A-4B54-9D4F-AF9D6DA2C120}.Debug|Any CPU.ActiveCfg = Debug|Any CPU
		{28E2F0A5-250A-4B54-9D4F-AF9D6DA2C120}.Debug|Any CPU.Build.0 = Debug|Any CPU
		{28E2F0A5-250A-4B54-9D4F-AF9D6DA2C120}.Release|Any CPU.ActiveCfg = Release|Any CPU
		{28E2F0A5-250A-4B54-9D4F-AF9D6DA2C120}.Release|Any CPU.Build.0 = Release|Any CPU
		{00EE101C-A5F7-4249-893F-C05AD59E1EA5}.Debug|Any CPU.ActiveCfg = Debug|Any CPU
		{00EE101C-A5F7-4249-893F-C05AD59E1EA5}.Debug|Any CPU.Build.0 = Debug|Any CPU
		{00EE101C-A5F7-4249-893F-C05AD59E1EA5}.Release|Any CPU.ActiveCfg = Release|Any CPU
		{00EE101C-A5F7-4249-893F-C05AD59E1EA5}.Release|Any CPU.Build.0 = Release|Any CPU
	EndGlobalSection
	GlobalSection(SolutionProperties) = preSolution
		HideSolutionNode = FALSE
	EndGlobalSection
	GlobalSection(ExtensibilityGlobals) = postSolution
		SolutionGuid = {ACF9FF7A-9F77-4A7E-B67D-8AB52F118BD9}
	EndGlobalSection
EndGlobal
