
Microsoft Visual Studio Solution File, Format Version 12.00
# Visual Studio Version 17
VisualStudioVersion = 17.10.34928.147
MinimumVisualStudioVersion = 10.0.40219.1
Project("{FAE04EC0-301F-11D3-BF4B-00C04F79EFBC}") = "DepencyInjection", "DepencyInjection\DepencyInjection.csproj", "{E87687D7-A454-48F3-AC52-2E6EC23C0972}"
EndProject
Project("{FAE04EC0-301F-11D3-BF4B-00C04F79EFBC}") = "Bl", "Bl\Bl.csproj", "{EA67BCB7-706C-4C27-A4B1-3F28774AFE34}"
EndProject
Global
	GlobalSection(SolutionConfigurationPlatforms) = preSolution
		Debug|Any CPU = Debug|Any CPU
		Release|Any CPU = Release|Any CPU
	EndGlobalSection
	GlobalSection(ProjectConfigurationPlatforms) = postSolution
		{E87687D7-A454-48F3-AC52-2E6EC23C0972}.Debug|Any CPU.ActiveCfg = Debug|Any CPU
		{E87687D7-A454-48F3-AC52-2E6EC23C0972}.Debug|Any CPU.Build.0 = Debug|Any CPU
		{E87687D7-A454-48F3-AC52-2E6EC23C0972}.Release|Any CPU.ActiveCfg = Release|Any CPU
		{E87687D7-A454-48F3-AC52-2E6EC23C0972}.Release|Any CPU.Build.0 = Release|Any CPU
		{EA67BCB7-706C-4C27-A4B1-3F28774AFE34}.Debug|Any CPU.ActiveCfg = Debug|Any CPU
		{EA67BCB7-706C-4C27-A4B1-3F28774AFE34}.Debug|Any CPU.Build.0 = Debug|Any CPU
		{EA67BCB7-706C-4C27-A4B1-3F28774AFE34}.Release|Any CPU.ActiveCfg = Release|Any CPU
		{EA67BCB7-706C-4C27-A4B1-3F28774AFE34}.Release|Any CPU.Build.0 = Release|Any CPU
	EndGlobalSection
	GlobalSection(SolutionProperties) = preSolution
		HideSolutionNode = FALSE
	EndGlobalSection
	GlobalSection(ExtensibilityGlobals) = postSolution
		SolutionGuid = {EACB8443-A49A-4BD8-97B9-25E4333CFD62}
	EndGlobalSection
EndGlobal
