
Microsoft Visual Studio Solution File, Format Version 12.00
# Visual Studio Version 17
VisualStudioVersion = 17.10.34928.147
MinimumVisualStudioVersion = 10.0.40219.1
Project("{FAE04EC0-301F-11D3-BF4B-00C04F79EFBC}") = "AjaxViews", "AjaxViews\AjaxViews.csproj", "{BEE5DD65-9270-4EA6-8E7A-582A815E165E}"
EndProject
Global
	GlobalSection(SolutionConfigurationPlatforms) = preSolution
		Debug|Any CPU = Debug|Any CPU
		Release|Any CPU = Release|Any CPU
	EndGlobalSection
	GlobalSection(ProjectConfigurationPlatforms) = postSolution
		{BEE5DD65-9270-4EA6-8E7A-582A815E165E}.Debug|Any CPU.ActiveCfg = Debug|Any CPU
		{BEE5DD65-9270-4EA6-8E7A-582A815E165E}.Debug|Any CPU.Build.0 = Debug|Any CPU
		{BEE5DD65-9270-4EA6-8E7A-582A815E165E}.Release|Any CPU.ActiveCfg = Release|Any CPU
		{BEE5DD65-9270-4EA6-8E7A-582A815E165E}.Release|Any CPU.Build.0 = Release|Any CPU
	EndGlobalSection
	GlobalSection(SolutionProperties) = preSolution
		HideSolutionNode = FALSE
	EndGlobalSection
	GlobalSection(ExtensibilityGlobals) = postSolution
		SolutionGuid = {BBE54DD1-EE11-4735-B285-1035F3BD3CAA}
	EndGlobalSection
EndGlobal
